github.com/fogleman/fauxgl v0.0.0-20200818143847-27cddc103802 h1:5vdq0jOnV15v1NdZbAcU+dIJ22rFgwaieiFewPvnKCA=
github.com/fogleman/fauxgl v0.0.0-20200818143847-27cddc103802/go.mod h1:7f7F8EvO8MWvDx9sIoloOfZBCKzlWuZV/h3TjpXOO3k=
github.com/fogleman/simplify v0.0.0-20170216171241-d32f302d5046 h1:n3RPbpwXSFT0G8FYslzMUBDO09Ix8/dlqzvUkcJm4Jk=
github.com/fogleman/simplify v0.0.0-20170216171241-d32f302d5046/go.mod h1:KDwyDqFmVUxUmo7tmqXtyaaJMdGon06y8BD2jmh84CQ=
github.com/go-gl/gl v0.0.0-20180407155706-68e253793080/go.mod h1:482civXOzJJCPzJ4ZOX/pwvXBWSnzD4OKMdH4ClKGbk=
github.com/go-gl/glfw v0.0.0-20180426074136-46a8d530c326/go.mod h1:vR7hzQXu2zJy9AVAgeJqvqgH9Q5CA+iKCZ2gyEVpxRU=
github.com/golang/freetype v0.0.0-20170609003504-e2365dfdc4a0 h1:DACJavvAHhabrF08vX0COfcOBJRhZ8lUbR+ZWIs0Y5g=
github.com/golang/freetype v0.0.0-20170609003504-e2365dfdc4a0/go.mod h1:E/TSTwGwJL78qG/PmXZO1EjYhfJinVAhrmmHX6Z8B9k=
github.com/jung-kurt/gofpdf v1.0.0/go.mod h1:7Id9E/uU8ce6rXgefFLlgrJj/GYY22cpxn+r32jIOes=
github.com/llgcode/draw2d v0.0.0-20210904075650-80aa0a2a901d h1:4/ycg+VrwjGurTqiHv2xM/h6Qm81qSra+KbfT4FH2FA=
github.com/llgcode/draw2d v0.0.0-20210904075650-80aa0a2a901d/go.mod h1:mVa0dA29Db2S4LVqDYLlsePDzRJLDfdhVZiI15uY0FA=
github.com/llgcode/ps v0.0.0-20150911083025-f1443b32eedb h1:61ndUreYSlWFeCY44JxDDkngVoI7/1MVhEl98Nm0KOk=
github.com/llgcode/ps v0.0.0-20150911083025-f1443b32eedb/go.mod h1:1l8ky+Ew27CMX29uG+a2hNOKpeNYEQjjtiALiBlFQbY=
github.com/peterhellberg/gfx v0.0.0-20210905153911-4a6ef1535e02 h1:2wZ5I/apBKogpjp3n8rpK12i1kkizoNdpmnY+OjvsXI=
github.com/peterhellberg/gfx v0.0.0-20210905153911-4a6ef1535e02/go.mod h1:ipo3f7y1+RHNR32fj+4TETou6OF4VXvJBhb9rwncKuw=
github.com/pzsz/voronoi v0.0.0-20130609164533-4314be88c79f h1:YeUeWAPTrycaikVXiVoAu1dxIR4+tSsn9IbTkNfRsss=
github.com/pzsz/voronoi v0.0.0-20130609164533-4314be88c79f/go.mod h1:T6EcHUIQ7r0Xr1jjOJ7hmpUaqVyqb9WimeNzS9nz4Zo=
golang.org/x/image v0.0.0-20180708004352-c73c2afc3b81/go.mod h1:ux5Hcp/YLpHSI86hEcLt0YII63i6oz57MZXIpbrjZUs=
golang.org/x/image v0.0.0-20190802002840-cff245a6509b h1:+qEpEAPhDZ1o0x3tHzZTQDArnOixOzGD9HUJfcg0mb4=
golang.org/x/image v0.0.0-20190802002840-cff245a6509b/go.mod h1:FeLwcggjj3mMvU+oOTbSwawSJRM1uh48EjtB4UJZlP0=
golang.org/x/text v0.3.0/go.mod h1:NqM8EUOU14njkJ3fqMW+pc6Ldnwhi/IjpwHt7yyuwOQ=
